{
  "version": 4,
  "terraform_version": "1.8.3",
  "serial": 22,
  "lineage": "74d06a28-9d3a-44f7-3c9e-4539c868ce8d",
  "outputs": {
    "server_public_dns": {
      "value": "ec2-3-91-98-81.compute-1.amazonaws.com",
      "type": "string"
    },
    "server_public_ip": {
      "value": "3.91.98.81",
      "type": "string"
    }
  },
  "resources": [
    {
      "mode": "managed",
      "type": "aws_instance",
      "name": "nginx_server",
      "provider": "provider[\"registry.terraform.io/hashicorp/aws\"]",
      "instances": [
        {
          "schema_version": 1,
          "attributes": {
            "ami": "ami-0bb84b8ffd87024d8",
            "arn": "arn:aws:ec2:us-east-1:205863710873:instance/i-0b86a7b9e024132fd",
            "associate_public_ip_address": true,
            "availability_zone": "us-east-1a",
            "capacity_reservation_specification": [
              {
                "capacity_reservation_preference": "open",
                "capacity_reservation_target": []
              }
            ],
            "cpu_core_count": 1,
            "cpu_options": [
              {
                "amd_sev_snp": "",
                "core_count": 1,
                "threads_per_core": 1
              }
            ],
            "cpu_threads_per_core": 1,
            "credit_specification": [
              {
                "cpu_credits": "standard"
              }
            ],
            "disable_api_stop": false,
            "disable_api_termination": false,
            "ebs_block_device": [],
            "ebs_optimized": false,
            "enclave_options": [
              {
                "enabled": false
              }
            ],
            "ephemeral_block_device": [],
            "get_password_data": false,
            "hibernation": false,
            "host_id": "",
            "host_resource_group_arn": null,
            "iam_instance_profile": "",
            "id": "i-0b86a7b9e024132fd",
            "instance_initiated_shutdown_behavior": "stop",
            "instance_state": "running",
            "instance_type": "t2.micro",
            "ipv6_address_count": 0,
            "ipv6_addresses": [],
            "key_name": "nginx_server_ssh",
            "launch_template": [],
            "maintenance_options": [
              {
                "auto_recovery": "default"
              }
            ],
            "metadata_options": [
              {
                "http_endpoint": "enabled",
                "http_put_response_hop_limit": 2,
                "http_tokens": "required",
                "instance_metadata_tags": "disabled"
              }
            ],
            "monitoring": false,
            "network_interface": [],
            "outpost_arn": "",
            "password_data": "",
            "placement_group": "",
            "placement_partition_number": 0,
            "primary_network_interface_id": "eni-0b493e05ed2263d3d",
            "private_dns": "ip-172-31-25-218.ec2.internal",
            "private_dns_name_options": [
              {
                "enable_resource_name_dns_a_record": false,
                "enable_resource_name_dns_aaaa_record": false,
                "hostname_type": "ip-name"
              }
            ],
            "private_ip": "172.31.25.218",
            "public_dns": "ec2-3-91-98-81.compute-1.amazonaws.com",
            "public_ip": "3.91.98.81",
            "root_block_device": [
              {
                "delete_on_termination": true,
                "device_name": "/dev/xvda",
                "encrypted": false,
                "iops": 3000,
                "kms_key_id": "",
                "tags": {},
                "throughput": 125,
                "volume_id": "vol-08ce79dc47d85d898",
                "volume_size": 8,
                "volume_type": "gp3"
              }
            ],
            "secondary_private_ips": [],
            "security_groups": [
              "nginx_server_sg"
            ],
            "source_dest_check": true,
            "subnet_id": "subnet-0c36f31ca86cf3336",
            "tags": {
              "Enviroment": "test",
              "Name": "Example nginx server",
              "Owner": "wilfredosulbaran94@gmail.com",
              "Project": "webinar",
              "Team": "DevOps"
            },
            "tags_all": {
              "Enviroment": "test",
              "Name": "Example nginx server",
              "Owner": "wilfredosulbaran94@gmail.com",
              "Project": "webinar",
              "Team": "DevOps"
            },
            "tenancy": "default",
            "timeouts": null,
            "user_data": "48124f4e2560dd3b9957bd7ab5e6a8f80c7ea81a",
            "user_data_base64": null,
            "user_data_replace_on_change": false,
            "volume_tags": null,
            "vpc_security_group_ids": [
              "sg-0d9fad3e17785fd89"
            ]
          },
          "sensitive_attributes": [],
          "private": "eyJlMmJmYjczMC1lY2FhLTExZTYtOGY4OC0zNDM2M2JjN2M0YzAiOnsiY3JlYXRlIjo2MDAwMDAwMDAwMDAsImRlbGV0ZSI6MTIwMDAwMDAwMDAwMCwidXBkYXRlIjo2MDAwMDAwMDAwMDB9LCJzY2hlbWFfdmVyc2lvbiI6IjEifQ==",
          "dependencies": [
            "aws_key_pair.nginx_server_ssh",
            "aws_security_group.nginx_server_sg"
          ]
        }
      ]
    },
    {
      "mode": "managed",
      "type": "aws_key_pair",
      "name": "nginx_server_ssh",
      "provider": "provider[\"registry.terraform.io/hashicorp/aws\"]",
      "instances": [
        {
          "schema_version": 1,
          "attributes": {
            "arn": "arn:aws:ec2:us-east-1:205863710873:key-pair/nginx_server_ssh",
            "fingerprint": "86:7b:f3:be:4e:c0:02:c6:89:ea:e9:1c:0c:31:13:15",
            "id": "nginx_server_ssh",
            "key_name": "nginx_server_ssh",
            "key_name_prefix": "",
            "key_pair_id": "key-0327b0f002247d94d",
            "key_type": "rsa",
            "public_key": "ssh-rsa AAAAB3NzaC1yc2EAAAADAQABAAABAQCwh1fO1YDrU2V2PZC9NgnoeekQ2M08YWR2YTqqmIlgDkK/S6vxm6IuBlN2Zz7Pyok1BGs0JpsBSQHBGh6J10FH8HRvR3vNZeZ1JTDWw0UNcmR6FS0RfH14m0ydu34p+sFxt0mj/Eeq1SsqtTdWT8UouKqiLdFr23Ozytbf49/Gz1Ry8MF+QrnldhH+ZMNXe/6/Yel3xkDS7fkDSrMzlLvO9MIDLMKXV0tnqHN17mHLBe7p4qUQbMOnBdnfvi34I6DZ79hDARtrk2r0+BLqPDILKO8eGxdiaPrI8bDiswv5eb6yCCBeotDVxVHnsAsZzoJRQaTk08tOCUdbVdjw/Laj wsulbaran@DESKTOP-RNMFQA1",
            "tags": {
              "Enviroment": "test",
              "Name": "Example nginx server ssh",
              "Owner": "wilfredosulbaran94@gmail.com",
              "Project": "webinar",
              "Team": "DevOps"
            },
            "tags_all": {
              "Enviroment": "test",
              "Name": "Example nginx server ssh",
              "Owner": "wilfredosulbaran94@gmail.com",
              "Project": "webinar",
              "Team": "DevOps"
            }
          },
          "sensitive_attributes": [],
          "private": "eyJzY2hlbWFfdmVyc2lvbiI6IjEifQ=="
        }
      ]
    },
    {
      "mode": "managed",
      "type": "aws_security_group",
      "name": "nginx_server_sg",
      "provider": "provider[\"registry.terraform.io/hashicorp/aws\"]",
      "instances": [
        {
          "schema_version": 1,
          "attributes": {
            "arn": "arn:aws:ec2:us-east-1:205863710873:security-group/sg-0d9fad3e17785fd89",
            "description": "Security group allowing ssh and http access",
            "egress": [
              {
                "cidr_blocks": [
                  "0.0.0.0/0"
                ],
                "description": "",
                "from_port": 0,
                "ipv6_cidr_blocks": [],
                "prefix_list_ids": [],
                "protocol": "-1",
                "security_groups": [],
                "self": false,
                "to_port": 0
              }
            ],
            "id": "sg-0d9fad3e17785fd89",
            "ingress": [
              {
                "cidr_blocks": [
                  "0.0.0.0/0"
                ],
                "description": "",
                "from_port": 22,
                "ipv6_cidr_blocks": [],
                "prefix_list_ids": [],
                "protocol": "tcp",
                "security_groups": [],
                "self": false,
                "to_port": 22
              },
              {
                "cidr_blocks": [
                  "0.0.0.0/0"
                ],
                "description": null,
                "from_port": 20,
                "ipv6_cidr_blocks": [],
                "prefix_list_ids": [],
                "protocol": "tcp",
                "security_groups": [],
                "self": false,
                "to_port": 20
              },
              {
                "cidr_blocks": [
                  "0.0.0.0/0"
                ],
                "description": null,
                "from_port": 80,
                "ipv6_cidr_blocks": [],
                "prefix_list_ids": [],
                "protocol": "tcp",
                "security_groups": [],
                "self": false,
                "to_port": 80
              }
            ],
            "name": "nginx_server_sg",
            "name_prefix": "",
            "owner_id": "205863710873",
            "revoke_rules_on_delete": false,
            "tags": {
              "Enviroment": "test",
              "Name": "Example nginx server security group",
              "Owner": "wilfredosulbaran94@gmail.com",
              "Project": "webinar",
              "Team": "DevOps"
            },
            "tags_all": {
              "Enviroment": "test",
              "Name": "Example nginx server security group",
              "Owner": "wilfredosulbaran94@gmail.com",
              "Project": "webinar",
              "Team": "DevOps"
            },
            "timeouts": null,
            "vpc_id": "vpc-0bb3e7bb56113e0f8"
          },
          "sensitive_attributes": [],
          "private": "eyJlMmJmYjczMC1lY2FhLTExZTYtOGY4OC0zNDM2M2JjN2M0YzAiOnsiY3JlYXRlIjo2MDAwMDAwMDAwMDAsImRlbGV0ZSI6OTAwMDAwMDAwMDAwfSwic2NoZW1hX3ZlcnNpb24iOiIxIn0="
        }
      ]
    }
  ],
  "check_results": null
}
